
Microsoft Visual Studio Solution File, Format Version 12.00
# Visual Studio Version 16
VisualStudioVersion = 16.0.30204.135
MinimumVisualStudioVersion = 10.0.40219.1
Project("{FAE04EC0-301F-11D3-BF4B-00C04F79EFBC}") = "TabbedPageDemo.UWP", "TabbedPageDemo.UWP\TabbedPageDemo.UWP.csproj", "{E82ED3D4-A178-4C7F-AD4B-CA601E43ED49}"
EndProject
Project("{FAE04EC0-301F-11D3-BF4B-00C04F79EFBC}") = "TabbedPageDemo.Android", "TabbedPageDemo.Android\TabbedPageDemo.Android.csproj", "{17002DE3-E001-4DF7-B370-716C793EC60E}"
EndProject
Project("{FAE04EC0-301F-11D3-BF4B-00C04F79EFBC}") = "TabbedPageDemo.iOS", "TabbedPageDemo.iOS\TabbedPageDemo.iOS.csproj", "{3AF19BCF-0F69-423E-B7D4-6806A2EC5AF2}"
EndProject
Project("{FAE04EC0-301F-11D3-BF4B-00C04F79EFBC}") = "TabbedPageDemo", "TabbedPageDemo\TabbedPageDemo.csproj", "{08CB8B19-BFA3-4E74-86D0-F9A64A707670}"
EndProject
Global
	GlobalSection(SolutionConfigurationPlatforms) = preSolution
		Debug|Any CPU = Debug|Any CPU
		Debug|ARM = Debug|ARM
		Debug|iPhone = Debug|iPhone
		Debug|iPhoneSimulator = Debug|iPhoneSimulator
		Debug|x64 = Debug|x64
		Debug|x86 = Debug|x86
		Release|Any CPU = Release|Any CPU
		Release|ARM = Release|ARM
		Release|iPhone = Release|iPhone
		Release|iPhoneSimulator = Release|iPhoneSimulator
		Release|x64 = Release|x64
		Release|x86 = Release|x86
	EndGlobalSection
	GlobalSection(ProjectConfigurationPlatforms) = postSolution
		{E82ED3D4-A178-4C7F-AD4B-CA601E43ED49}.Debug|Any CPU.ActiveCfg = Debug|x86
		{E82ED3D4-A178-4C7F-AD4B-CA601E43ED49}.Debug|Any CPU.Build.0 = Debug|x86
		{E82ED3D4-A178-4C7F-AD4B-CA601E43ED49}.Debug|Any CPU.Deploy.0 = Debug|x86
		{E82ED3D4-A178-4C7F-AD4B-CA601E43ED49}.Debug|ARM.ActiveCfg = Debug|ARM
		{E82ED3D4-A178-4C7F-AD4B-CA601E43ED49}.Debug|ARM.Build.0 = Debug|ARM
		{E82ED3D4-A178-4C7F-AD4B-CA601E43ED49}.Debug|ARM.Deploy.0 = Debug|ARM
		{E82ED3D4-A178-4C7F-AD4B-CA601E43ED49}.Debug|iPhone.ActiveCfg = Debug|x86
		{E82ED3D4-A178-4C7F-AD4B-CA601E43ED49}.Debug|iPhone.Build.0 = Debug|x86
		{E82ED3D4-A178-4C7F-AD4B-CA601E43ED49}.Debug|iPhone.Deploy.0 = Debug|x86
		{E82ED3D4-A178-4C7F-AD4B-CA601E43ED49}.Debug|iPhoneSimulator.ActiveCfg = Debug|x86
		{E82ED3D4-A178-4C7F-AD4B-CA601E43ED49}.Debug|iPhoneSimulator.Build.0 = Debug|x86
		{E82ED3D4-A178-4C7F-AD4B-CA601E43ED49}.Debug|iPhoneSimulator.Deploy.0 = Debug|x86
		{E82ED3D4-A178-4C7F-AD4B-CA601E43ED49}.Debug|x64.ActiveCfg = Debug|x64
		{E82ED3D4-A178-4C7F-AD4B-CA601E43ED49}.Debug|x64.Build.0 = Debug|x64
		{E82ED3D4-A178-4C7F-AD4B-CA601E43ED49}.Debug|x64.Deploy.0 = Debug|x64
		{E82ED3D4-A178-4C7F-AD4B-CA601E43ED49}.Debug|x86.ActiveCfg = Debug|x86
		{E82ED3D4-A178-4C7F-AD4B-CA601E43ED49}.Debug|x86.Build.0 = Debug|x86
		{E82ED3D4-A178-4C7F-AD4B-CA601E43ED49}.Debug|x86.Deploy.0 = Debug|x86
		{E82ED3D4-A178-4C7F-AD4B-CA601E43ED49}.Release|Any CPU.ActiveCfg = Release|x86
		{E82ED3D4-A178-4C7F-AD4B-CA601E43ED49}.Release|Any CPU.Build.0 = Release|x86
		{E82ED3D4-A178-4C7F-AD4B-CA601E43ED49}.Release|Any CPU.Deploy.0 = Release|x86
		{E82ED3D4-A178-4C7F-AD4B-CA601E43ED49}.Release|ARM.ActiveCfg = Release|ARM
		{E82ED3D4-A178-4C7F-AD4B-CA601E43ED49}.Release|ARM.Build.0 = Release|ARM
		{E82ED3D4-A178-4C7F-AD4B-CA601E43ED49}.Release|ARM.Deploy.0 = Release|ARM
		{E82ED3D4-A178-4C7F-AD4B-CA601E43ED49}.Release|iPhone.ActiveCfg = Release|x86
		{E82ED3D4-A178-4C7F-AD4B-CA601E43ED49}.Release|iPhone.Build.0 = Release|x86
		{E82ED3D4-A178-4C7F-AD4B-CA601E43ED49}.Release|iPhone.Deploy.0 = Release|x86
		{E82ED3D4-A178-4C7F-AD4B-CA601E43ED49}.Release|iPhoneSimulator.ActiveCfg = Release|x86
		{E82ED3D4-A178-4C7F-AD4B-CA601E43ED49}.Release|iPhoneSimulator.Build.0 = Release|x86
		{E82ED3D4-A178-4C7F-AD4B-CA601E43ED49}.Release|iPhoneSimulator.Deploy.0 = Release|x86
		{E82ED3D4-A178-4C7F-AD4B-CA601E43ED49}.Release|x64.ActiveCfg = Release|x64
		{E82ED3D4-A178-4C7F-AD4B-CA601E43ED49}.Release|x64.Build.0 = Release|x64
		{E82ED3D4-A178-4C7F-AD4B-CA601E43ED49}.Release|x64.Deploy.0 = Release|x64
		{E82ED3D4-A178-4C7F-AD4B-CA601E43ED49}.Release|x86.ActiveCfg = Release|x86
		{E82ED3D4-A178-4C7F-AD4B-CA601E43ED49}.Release|x86.Build.0 = Release|x86
		{E82ED3D4-A178-4C7F-AD4B-CA601E43ED49}.Release|x86.Deploy.0 = Release|x86
		{17002DE3-E001-4DF7-B370-716C793EC60E}.Debug|Any CPU.ActiveCfg = Debug|Any CPU
		{17002DE3-E001-4DF7-B370-716C793EC60E}.Debug|Any CPU.Build.0 = Debug|Any CPU
		{17002DE3-E001-4DF7-B370-716C793EC60E}.Debug|Any CPU.Deploy.0 = Debug|Any CPU
		{17002DE3-E001-4DF7-B370-716C793EC60E}.Debug|ARM.ActiveCfg = Debug|Any CPU
		{17002DE3-E001-4DF7-B370-716C793EC60E}.Debug|ARM.Build.0 = Debug|Any CPU
		{17002DE3-E001-4DF7-B370-716C793EC60E}.Debug|ARM.Deploy.0 = Debug|Any CPU
		{17002DE3-E001-4DF7-B370-716C793EC60E}.Debug|iPhone.ActiveCfg = Debug|Any CPU
		{17002DE3-E001-4DF7-B370-716C793EC60E}.Debug|iPhone.Build.0 = Debug|Any CPU
		{17002DE3-E001-4DF7-B370-716C793EC60E}.Debug|iPhone.Deploy.0 = Debug|Any CPU
		{17002DE3-E001-4DF7-B370-716C793EC60E}.Debug|iPhoneSimulator.ActiveCfg = Debug|Any CPU
		{17002DE3-E001-4DF7-B370-716C793EC60E}.Debug|iPhoneSimulator.Build.0 = Debug|Any CPU
		{17002DE3-E001-4DF7-B370-716C793EC60E}.Debug|iPhoneSimulator.Deploy.0 = Debug|Any CPU
		{17002DE3-E001-4DF7-B370-716C793EC60E}.Debug|x64.ActiveCfg = Debug|Any CPU
		{17002DE3-E001-4DF7-B370-716C793EC60E}.Debug|x64.Build.0 = Debug|Any CPU
		{17002DE3-E001-4DF7-B370-716C793EC60E}.Debug|x64.Deploy.0 = Debug|Any CPU
		{17002DE3-E001-4DF7-B370-716C793EC60E}.Debug|x86.ActiveCfg = Debug|Any CPU
		{17002DE3-E001-4DF7-B370-716C793EC60E}.Debug|x86.Build.0 = Debug|Any CPU
		{17002DE3-E001-4DF7-B370-716C793EC60E}.Debug|x86.Deploy.0 = Debug|Any CPU
		{17002DE3-E001-4DF7-B370-716C793EC60E}.Release|Any CPU.ActiveCfg = Release|Any CPU
		{17002DE3-E001-4DF7-B370-716C793EC60E}.Release|Any CPU.Build.0 = Release|Any CPU
		{17002DE3-E001-4DF7-B370-716C793EC60E}.Release|Any CPU.Deploy.0 = Release|Any CPU
		{17002DE3-E001-4DF7-B370-716C793EC60E}.Release|ARM.ActiveCfg = Release|Any CPU
		{17002DE3-E001-4DF7-B370-716C793EC60E}.Release|ARM.Build.0 = Release|Any CPU
		{17002DE3-E001-4DF7-B370-716C793EC60E}.Release|ARM.Deploy.0 = Release|Any CPU
		{17002DE3-E001-4DF7-B370-716C793EC60E}.Release|iPhone.ActiveCfg = Release|Any CPU
		{17002DE3-E001-4DF7-B370-716C793EC60E}.Release|iPhone.Build.0 = Release|Any CPU
		{17002DE3-E001-4DF7-B370-716C793EC60E}.Release|iPhone.Deploy.0 = Release|Any CPU
		{17002DE3-E001-4DF7-B370-716C793EC60E}.Release|iPhoneSimulator.ActiveCfg = Release|Any CPU
		{17002DE3-E001-4DF7-B370-716C793EC60E}.Release|iPhoneSimulator.Build.0 = Release|Any CPU
		{17002DE3-E001-4DF7-B370-716C793EC60E}.Release|iPhoneSimulator.Deploy.0 = Release|Any CPU
		{17002DE3-E001-4DF7-B370-716C793EC60E}.Release|x64.ActiveCfg = Release|Any CPU
		{17002DE3-E001-4DF7-B370-716C793EC60E}.Release|x64.Build.0 = Release|Any CPU
		{17002DE3-E001-4DF7-B370-716C793EC60E}.Release|x64.Deploy.0 = Release|Any CPU
		{17002DE3-E001-4DF7-B370-716C793EC60E}.Release|x86.ActiveCfg = Release|Any CPU
		{17002DE3-E001-4DF7-B370-716C793EC60E}.Release|x86.Build.0 = Release|Any CPU
		{17002DE3-E001-4DF7-B370-716C793EC60E}.Release|x86.Deploy.0 = Release|Any CPU
		{3AF19BCF-0F69-423E-B7D4-6806A2EC5AF2}.Debug|Any CPU.ActiveCfg = Debug|iPhone
		{3AF19BCF-0F69-423E-B7D4-6806A2EC5AF2}.Debug|Any CPU.Build.0 = Debug|iPhone
		{3AF19BCF-0F69-423E-B7D4-6806A2EC5AF2}.Debug|Any CPU.Deploy.0 = Debug|iPhone
		{3AF19BCF-0F69-423E-B7D4-6806A2EC5AF2}.Debug|ARM.ActiveCfg = Debug|iPhone
		{3AF19BCF-0F69-423E-B7D4-6806A2EC5AF2}.Debug|ARM.Build.0 = Debug|iPhone
		{3AF19BCF-0F69-423E-B7D4-6806A2EC5AF2}.Debug|ARM.Deploy.0 = Debug|iPhone
		{3AF19BCF-0F69-423E-B7D4-6806A2EC5AF2}.Debug|iPhone.ActiveCfg = Debug|iPhone
		{3AF19BCF-0F69-423E-B7D4-6806A2EC5AF2}.Debug|iPhone.Build.0 = Debug|iPhone
		{3AF19BCF-0F69-423E-B7D4-6806A2EC5AF2}.Debug|iPhone.Deploy.0 = Debug|iPhone
		{3AF19BCF-0F69-423E-B7D4-6806A2EC5AF2}.Debug|iPhoneSimulator.ActiveCfg = Debug|iPhoneSimulator
		{3AF19BCF-0F69-423E-B7D4-6806A2EC5AF2}.Debug|iPhoneSimulator.Build.0 = Debug|iPhoneSimulator
		{3AF19BCF-0F69-423E-B7D4-6806A2EC5AF2}.Debug|iPhoneSimulator.Deploy.0 = Debug|iPhoneSimulator
		{3AF19BCF-0F69-423E-B7D4-6806A2EC5AF2}.Debug|x64.ActiveCfg = Debug|iPhone
		{3AF19BCF-0F69-423E-B7D4-6806A2EC5AF2}.Debug|x64.Build.0 = Debug|iPhone
		{3AF19BCF-0F69-423E-B7D4-6806A2EC5AF2}.Debug|x64.Deploy.0 = Debug|iPhone
		{3AF19BCF-0F69-423E-B7D4-6806A2EC5AF2}.Debug|x86.ActiveCfg = Debug|iPhone
		{3AF19BCF-0F69-423E-B7D4-6806A2EC5AF2}.Debug|x86.Build.0 = Debug|iPhone
		{3AF19BCF-0F69-423E-B7D4-6806A2EC5AF2}.Debug|x86.Deploy.0 = Debug|iPhone
		{3AF19BCF-0F69-423E-B7D4-6806A2EC5AF2}.Release|Any CPU.ActiveCfg = Release|iPhone
		{3AF19BCF-0F69-423E-B7D4-6806A2EC5AF2}.Release|Any CPU.Build.0 = Release|iPhone
		{3AF19BCF-0F69-423E-B7D4-6806A2EC5AF2}.Release|Any CPU.Deploy.0 = Release|iPhone
		{3AF19BCF-0F69-423E-B7D4-6806A2EC5AF2}.Release|ARM.ActiveCfg = Release|iPhone
		{3AF19BCF-0F69-423E-B7D4-6806A2EC5AF2}.Release|ARM.Build.0 = Release|iPhone
		{3AF19BCF-0F69-423E-B7D4-6806A2EC5AF2}.Release|ARM.Deploy.0 = Release|iPhone
		{3AF19BCF-0F69-423E-B7D4-6806A2EC5AF2}.Release|iPhone.ActiveCfg = Release|iPhone
		{3AF19BCF-0F69-423E-B7D4-6806A2EC5AF2}.Release|iPhone.Build.0 = Release|iPhone
		{3AF19BCF-0F69-423E-B7D4-6806A2EC5AF2}.Release|iPhone.Deploy.0 = Release|iPhone
		{3AF19BCF-0F69-423E-B7D4-6806A2EC5AF2}.Release|iPhoneSimulator.ActiveCfg = Release|iPhoneSimulator
		{3AF19BCF-0F69-423E-B7D4-6806A2EC5AF2}.Release|iPhoneSimulator.Build.0 = Release|iPhoneSimulator
		{3AF19BCF-0F69-423E-B7D4-6806A2EC5AF2}.Release|iPhoneSimulator.Deploy.0 = Release|iPhoneSimulator
		{3AF19BCF-0F69-423E-B7D4-6806A2EC5AF2}.Release|x64.ActiveCfg = Release|iPhone
		{3AF19BCF-0F69-423E-B7D4-6806A2EC5AF2}.Release|x64.Build.0 = Release|iPhone
		{3AF19BCF-0F69-423E-B7D4-6806A2EC5AF2}.Release|x64.Deploy.0 = Release|iPhone
		{3AF19BCF-0F69-423E-B7D4-6806A2EC5AF2}.Release|x86.ActiveCfg = Release|iPhone
		{3AF19BCF-0F69-423E-B7D4-6806A2EC5AF2}.Release|x86.Build.0 = Release|iPhone
		{3AF19BCF-0F69-423E-B7D4-6806A2EC5AF2}.Release|x86.Deploy.0 = Release|iPhone
		{08CB8B19-BFA3-4E74-86D0-F9A64A707670}.Debug|Any CPU.ActiveCfg = Debug|Any CPU
		{08CB8B19-BFA3-4E74-86D0-F9A64A707670}.Debug|Any CPU.Build.0 = Debug|Any CPU
		{08CB8B19-BFA3-4E74-86D0-F9A64A707670}.Debug|Any CPU.Deploy.0 = Debug|Any CPU
		{08CB8B19-BFA3-4E74-86D0-F9A64A707670}.Debug|ARM.ActiveCfg = Debug|Any CPU
		{08CB8B19-BFA3-4E74-86D0-F9A64A707670}.Debug|ARM.Build.0 = Debug|Any CPU
		{08CB8B19-BFA3-4E74-86D0-F9A64A707670}.Debug|ARM.Deploy.0 = Debug|Any CPU
		{08CB8B19-BFA3-4E74-86D0-F9A64A707670}.Debug|iPhone.ActiveCfg = Debug|Any CPU
		{08CB8B19-BFA3-4E74-86D0-F9A64A707670}.Debug|iPhone.Build.0 = Debug|Any CPU
		{08CB8B19-BFA3-4E74-86D0-F9A64A707670}.Debug|iPhone.Deploy.0 = Debug|Any CPU
		{08CB8B19-BFA3-4E74-86D0-F9A64A707670}.Debug|iPhoneSimulator.ActiveCfg = Debug|Any CPU
		{08CB8B19-BFA3-4E74-86D0-F9A64A707670}.Debug|iPhoneSimulator.Build.0 = Debug|Any CPU
		{08CB8B19-BFA3-4E74-86D0-F9A64A707670}.Debug|iPhoneSimulator.Deploy.0 = Debug|Any CPU
		{08CB8B19-BFA3-4E74-86D0-F9A64A707670}.Debug|x64.ActiveCfg = Debug|Any CPU
		{08CB8B19-BFA3-4E74-86D0-F9A64A707670}.Debug|x64.Build.0 = Debug|Any CPU
		{08CB8B19-BFA3-4E74-86D0-F9A64A707670}.Debug|x64.Deploy.0 = Debug|Any CPU
		{08CB8B19-BFA3-4E74-86D0-F9A64A707670}.Debug|x86.ActiveCfg = Debug|Any CPU
		{08CB8B19-BFA3-4E74-86D0-F9A64A707670}.Debug|x86.Build.0 = Debug|Any CPU
		{08CB8B19-BFA3-4E74-86D0-F9A64A707670}.Debug|x86.Deploy.0 = Debug|Any CPU
		{08CB8B19-BFA3-4E74-86D0-F9A64A707670}.Release|Any CPU.ActiveCfg = Release|Any CPU
		{08CB8B19-BFA3-4E74-86D0-F9A64A707670}.Release|Any CPU.Build.0 = Release|Any CPU
		{08CB8B19-BFA3-4E74-86D0-F9A64A707670}.Release|Any CPU.Deploy.0 = Release|Any CPU
		{08CB8B19-BFA3-4E74-86D0-F9A64A707670}.Release|ARM.ActiveCfg = Release|Any CPU
		{08CB8B19-BFA3-4E74-86D0-F9A64A707670}.Release|ARM.Build.0 = Release|Any CPU
		{08CB8B19-BFA3-4E74-86D0-F9A64A707670}.Release|ARM.Deploy.0 = Release|Any CPU
		{08CB8B19-BFA3-4E74-86D0-F9A64A707670}.Release|iPhone.ActiveCfg = Release|Any CPU
		{08CB8B19-BFA3-4E74-86D0-F9A64A707670}.Release|iPhone.Build.0 = Release|Any CPU
		{08CB8B19-BFA3-4E74-86D0-F9A64A707670}.Release|iPhone.Deploy.0 = Release|Any CPU
		{08CB8B19-BFA3-4E74-86D0-F9A64A707670}.Release|iPhoneSimulator.ActiveCfg = Release|Any CPU
		{08CB8B19-BFA3-4E74-86D0-F9A64A707670}.Release|iPhoneSimulator.Build.0 = Release|Any CPU
		{08CB8B19-BFA3-4E74-86D0-F9A64A707670}.Release|iPhoneSimulator.Deploy.0 = Release|Any CPU
		{08CB8B19-BFA3-4E74-86D0-F9A64A707670}.Release|x64.ActiveCfg = Release|Any CPU
		{08CB8B19-BFA3-4E74-86D0-F9A64A707670}.Release|x64.Build.0 = Release|Any CPU
		{08CB8B19-BFA3-4E74-86D0-F9A64A707670}.Release|x64.Deploy.0 = Release|Any CPU
		{08CB8B19-BFA3-4E74-86D0-F9A64A707670}.Release|x86.ActiveCfg = Release|Any CPU
		{08CB8B19-BFA3-4E74-86D0-F9A64A707670}.Release|x86.Build.0 = Release|Any CPU
		{08CB8B19-BFA3-4E74-86D0-F9A64A707670}.Release|x86.Deploy.0 = Release|Any CPU
	EndGlobalSection
	GlobalSection(SolutionProperties) = preSolution
		HideSolutionNode = FALSE
	EndGlobalSection
	GlobalSection(ExtensibilityGlobals) = postSolution
		SolutionGuid = {761ADDD8-3DF6-4EBD-AE10-6B4A1F37CEA0}
	EndGlobalSection
EndGlobal
